
Microsoft Visual Studio Solution File, Format Version 12.00
# Visual Studio Version 17
VisualStudioVersion = 17.2.32630.192
MinimumVisualStudioVersion = 10.0.40219.1
Project("{FAE04EC0-301F-11D3-BF4B-00C04F79EFBC}") = "WebApplication1", "WebApplication1\WebApplication1.csproj", "{79FF0605-D44B-472B-8D2F-436795EC826B}"
EndProject
Global
	GlobalSection(SolutionConfigurationPlatforms) = preSolution
		Debug|Any CPU = Debug|Any CPU
		Release|Any CPU = Release|Any CPU
	EndGlobalSection
	GlobalSection(ProjectConfigurationPlatforms) = postSolution
		{79FF0605-D44B-472B-8D2F-436795EC826B}.Debug|Any CPU.ActiveCfg = Debug|Any CPU
		{79FF0605-D44B-472B-8D2F-436795EC826B}.Debug|Any CPU.Build.0 = Debug|Any CPU
		{79FF0605-D44B-472B-8D2F-436795EC826B}.Release|Any CPU.ActiveCfg = Release|Any CPU
		{79FF0605-D44B-472B-8D2F-436795EC826B}.Release|Any CPU.Build.0 = Release|Any CPU
	EndGlobalSection
	GlobalSection(SolutionProperties) = preSolution
		HideSolutionNode = FALSE
	EndGlobalSection
	GlobalSection(ExtensibilityGlobals) = postSolution
		SolutionGuid = {12B7E55A-354E-483C-A230-AB83D195D921}
	EndGlobalSection
EndGlobal
